github.com/jszwec/csvutil v1.7.1 h1:btxPxFwms8lHMgl0OIgOQ4Tayfqo0xid0hGkq1kM510=
github.com/jszwec/csvutil v1.7.1/go.mod h1:Rpu7Uu9giO9subDyMCIQfHVDuLrcaC36UA4YcJjGBkg=
go.uber.org/atomic v1.10.0 h1:9qC72Qh0+3MqyJbAn8YU5xVq1frD8bn3JtD2oXtafVQ=
go.uber.org/atomic v1.10.0/go.mod h1:LUxbIzbOniOlMKjJjyPfpl4v+PKK2cNJn91OQbhoJI0=
